// !$*UTF8*$!
{
	archiveVersion = 1;
	classes = {
	};
	objectVersion = 51;
	objects = {

/* Begin PBXBuildFile section */
		24D41C756D490F439F2AC2A8 /* Pods_Flix.framework in Frameworks */ = {isa = PBXBuildFile; fileRef = 59B9B409942E2CA69A18BF20 /* Pods_Flix.framework */; };
		2C46828571829F71C7D1DD0F /* Pods_Flix_FlixUITests.framework in Frameworks */ = {isa = PBXBuildFile; fileRef = 18037288DF53EAC192F8F4E0 /* Pods_Flix_FlixUITests.framework */; };
		E5A50D4F7B5ACEF857377EDA /* Pods_FlixTests.framework in Frameworks */ = {isa = PBXBuildFile; fileRef = 1DD075F04C4076F4936D55F3 /* Pods_FlixTests.framework */; };
		ED72F7B423E3C19E00273047 /* AppDelegate.swift in Sources */ = {isa = PBXBuildFile; fileRef = ED72F7B323E3C19E00273047 /* AppDelegate.swift */; };
		ED72F7B923E3C19E00273047 /* Main.storyboard in Resources */ = {isa = PBXBuildFile; fileRef = ED72F7B723E3C19E00273047 /* Main.storyboard */; };
		ED72F7BB23E3C1A000273047 /* Assets.xcassets in Resources */ = {isa = PBXBuildFile; fileRef = ED72F7BA23E3C1A000273047 /* Assets.xcassets */; };
		ED72F7BE23E3C1A000273047 /* LaunchScreen.storyboard in Resources */ = {isa = PBXBuildFile; fileRef = ED72F7BC23E3C1A000273047 /* LaunchScreen.storyboard */; };
		ED72F7C923E3C1A000273047 /* FlixTests.swift in Sources */ = {isa = PBXBuildFile; fileRef = ED72F7C823E3C1A000273047 /* FlixTests.swift */; };
		ED72F7D423E3C1A000273047 /* FlixUITests.swift in Sources */ = {isa = PBXBuildFile; fileRef = ED72F7D323E3C1A000273047 /* FlixUITests.swift */; };
		ED72F7E223E3C9FF00273047 /* MoviesViewController.swift in Sources */ = {isa = PBXBuildFile; fileRef = ED72F7E123E3C9FF00273047 /* MoviesViewController.swift */; };
		ED72F7E423E3D1D200273047 /* MovieCell.swift in Sources */ = {isa = PBXBuildFile; fileRef = ED72F7E323E3D1D200273047 /* MovieCell.swift */; };
		ED88EB7823ECF9FF003A1A56 /* MovieDetailsViewController.swift in Sources */ = {isa = PBXBuildFile; fileRef = ED88EB7723ECF9FF003A1A56 /* MovieDetailsViewController.swift */; };
		ED88EB7C23ED03CC003A1A56 /* MovieGrideViewController.swift in Sources */ = {isa = PBXBuildFile; fileRef = ED88EB7B23ED03CC003A1A56 /* MovieGrideViewController.swift */; };
		ED88EB7E23ED0653003A1A56 /* MovieGridCell.swift in Sources */ = {isa = PBXBuildFile; fileRef = ED88EB7D23ED0653003A1A56 /* MovieGridCell.swift */; };
/* End PBXBuildFile section */

/* Begin PBXContainerItemProxy section */
		ED72F7C523E3C1A000273047 /* PBXContainerItemProxy */ = {
			isa = PBXContainerItemProxy;
			containerPortal = ED72F7A823E3C19E00273047 /* Project object */;
			proxyType = 1;
			remoteGlobalIDString = ED72F7AF23E3C19E00273047;
			remoteInfo = Flix;
		};
		ED72F7D023E3C1A000273047 /* PBXContainerItemProxy */ = {
			isa = PBXContainerItemProxy;
			containerPortal = ED72F7A823E3C19E00273047 /* Project object */;
			proxyType = 1;
			remoteGlobalIDString = ED72F7AF23E3C19E00273047;
			remoteInfo = Flix;
		};
/* End PBXContainerItemProxy section */

/* Begin PBXFileReference section */
		18037288DF53EAC192F8F4E0 /* Pods_Flix_FlixUITests.framework */ = {isa = PBXFileReference; explicitFileType = wrapper.framework; includeInIndex = 0; path = Pods_Flix_FlixUITests.framework; sourceTree = BUILT_PRODUCTS_DIR; };
		1DD075F04C4076F4936D55F3 /* Pods_FlixTests.framework */ = {isa = PBXFileReference; explicitFileType = wrapper.framework; includeInIndex = 0; path = Pods_FlixTests.framework; sourceTree = BUILT_PRODUCTS_DIR; };
		2980F62FE36EB7D143ABB588 /* Pods-FlixTests.release.xcconfig */ = {isa = PBXFileReference; includeInIndex = 1; lastKnownFileType = text.xcconfig; name = "Pods-FlixTests.release.xcconfig"; path = "Target Support Files/Pods-FlixTests/Pods-FlixTests.release.xcconfig"; sourceTree = "<group>"; };
		2A2A933EBA5F73583648A31E /* Pods-FlixTests.debug.xcconfig */ = {isa = PBXFileReference; includeInIndex = 1; lastKnownFileType = text.xcconfig; name = "Pods-FlixTests.debug.xcconfig"; path = "Target Support Files/Pods-FlixTests/Pods-FlixTests.debug.xcconfig"; sourceTree = "<group>"; };
		4B64E4AA402C1E17C4D212CA /* Pods-Flix-FlixUITests.debug.xcconfig */ = {isa = PBXFileReference; includeInIndex = 1; lastKnownFileType = text.xcconfig; name = "Pods-Flix-FlixUITests.debug.xcconfig"; path = "Target Support Files/Pods-Flix-FlixUITests/Pods-Flix-FlixUITests.debug.xcconfig"; sourceTree = "<group>"; };
		59B9B409942E2CA69A18BF20 /* Pods_Flix.framework */ = {isa = PBXFileReference; explicitFileType = wrapper.framework; includeInIndex = 0; path = Pods_Flix.framework; sourceTree = BUILT_PRODUCTS_DIR; };
		B3AE4DCFCD7123566DFEBEDD /* Pods-Flix.release.xcconfig */ = {isa = PBXFileReference; includeInIndex = 1; lastKnownFileType = text.xcconfig; name = "Pods-Flix.release.xcconfig"; path = "Target Support Files/Pods-Flix/Pods-Flix.release.xcconfig"; sourceTree = "<group>"; };
		B66BE75EE83A570B2116C25E /* Pods-Flix.debug.xcconfig */ = {isa = PBXFileReference; includeInIndex = 1; lastKnownFileType = text.xcconfig; name = "Pods-Flix.debug.xcconfig"; path = "Target Support Files/Pods-Flix/Pods-Flix.debug.xcconfig"; sourceTree = "<group>"; };
		ED72F7B023E3C19E00273047 /* Flix.app */ = {isa = PBXFileReference; explicitFileType = wrapper.application; includeInIndex = 0; path = Flix.app; sourceTree = BUILT_PRODUCTS_DIR; };
		ED72F7B323E3C19E00273047 /* AppDelegate.swift */ = {isa = PBXFileReference; lastKnownFileType = sourcecode.swift; path = AppDelegate.swift; sourceTree = "<group>"; };
		ED72F7B823E3C19E00273047 /* Base */ = {isa = PBXFileReference; lastKnownFileType = file.storyboard; name = Base; path = Base.lproj/Main.storyboard; sourceTree = "<group>"; };
		ED72F7BA23E3C1A000273047 /* Assets.xcassets */ = {isa = PBXFileReference; lastKnownFileType = folder.assetcatalog; path = Assets.xcassets; sourceTree = "<group>"; };
		ED72F7BD23E3C1A000273047 /* Base */ = {isa = PBXFileReference; lastKnownFileType = file.storyboard; name = Base; path = Base.lproj/LaunchScreen.storyboard; sourceTree = "<group>"; };
		ED72F7BF23E3C1A000273047 /* Info.plist */ = {isa = PBXFileReference; lastKnownFileType = text.plist.xml; path = Info.plist; sourceTree = "<group>"; };
		ED72F7C423E3C1A000273047 /* FlixTests.xctest */ = {isa = PBXFileReference; explicitFileType = wrapper.cfbundle; includeInIndex = 0; path = FlixTests.xctest; sourceTree = BUILT_PRODUCTS_DIR; };
		ED72F7C823E3C1A000273047 /* FlixTests.swift */ = {isa = PBXFileReference; lastKnownFileType = sourcecode.swift; path = FlixTests.swift; sourceTree = "<group>"; };
		ED72F7CA23E3C1A000273047 /* Info.plist */ = {isa = PBXFileReference; lastKnownFileType = text.plist.xml; path = Info.plist; sourceTree = "<group>"; };
		ED72F7CF23E3C1A000273047 /* FlixUITests.xctest */ = {isa = PBXFileReference; explicitFileType = wrapper.cfbundle; includeInIndex = 0; path = FlixUITests.xctest; sourceTree = BUILT_PRODUCTS_DIR; };
		ED72F7D323E3C1A000273047 /* FlixUITests.swift */ = {isa = PBXFileReference; lastKnownFileType = sourcecode.swift; path = FlixUITests.swift; sourceTree = "<group>"; };
		ED72F7D523E3C1A000273047 /* Info.plist */ = {isa = PBXFileReference; lastKnownFileType = text.plist.xml; path = Info.plist; sourceTree = "<group>"; };
		ED72F7E123E3C9FF00273047 /* MoviesViewController.swift */ = {isa = PBXFileReference; lastKnownFileType = sourcecode.swift; path = MoviesViewController.swift; sourceTree = "<group>"; };
		ED72F7E323E3D1D200273047 /* MovieCell.swift */ = {isa = PBXFileReference; lastKnownFileType = sourcecode.swift; path = MovieCell.swift; sourceTree = "<group>"; };
		ED88EB7723ECF9FF003A1A56 /* MovieDetailsViewController.swift */ = {isa = PBXFileReference; lastKnownFileType = sourcecode.swift; path = MovieDetailsViewController.swift; sourceTree = "<group>"; };
		ED88EB7B23ED03CC003A1A56 /* MovieGrideViewController.swift */ = {isa = PBXFileReference; lastKnownFileType = sourcecode.swift; path = MovieGrideViewController.swift; sourceTree = "<group>"; };
		ED88EB7D23ED0653003A1A56 /* MovieGridCell.swift */ = {isa = PBXFileReference; lastKnownFileType = sourcecode.swift; path = MovieGridCell.swift; sourceTree = "<group>"; };
		F3B7753CF1AE2389B9102884 /* Pods-Flix-FlixUITests.release.xcconfig */ = {isa = PBXFileReference; includeInIndex = 1; lastKnownFileType = text.xcconfig; name = "Pods-Flix-FlixUITests.release.xcconfig"; path = "Target Support Files/Pods-Flix-FlixUITests/Pods-Flix-FlixUITests.release.xcconfig"; sourceTree = "<group>"; };
/* End PBXFileReference section */

/* Begin PBXFrameworksBuildPhase section */
		ED72F7AD23E3C19E00273047 /* Frameworks */ = {
			isa = PBXFrameworksBuildPhase;
			buildActionMask = 2147483647;
			files = (
				24D41C756D490F439F2AC2A8 /* Pods_Flix.framework in Frameworks */,
			);
			runOnlyForDeploymentPostprocessing = 0;
		};
		ED72F7C123E3C1A000273047 /* Frameworks */ = {
			isa = PBXFrameworksBuildPhase;
			buildActionMask = 2147483647;
			files = (
				E5A50D4F7B5ACEF857377EDA /* Pods_FlixTests.framework in Frameworks */,
			);
			runOnlyForDeploymentPostprocessing = 0;
		};
		ED72F7CC23E3C1A000273047 /* Frameworks */ = {
			isa = PBXFrameworksBuildPhase;
			buildActionMask = 2147483647;
			files = (
				2C46828571829F71C7D1DD0F /* Pods_Flix_FlixUITests.framework in Frameworks */,
			);
			runOnlyForDeploymentPostprocessing = 0;
		};
/* End PBXFrameworksBuildPhase section */

/* Begin PBXGroup section */
		38E069696D045223E813A725 /* Pods */ = {
			isa = PBXGroup;
			children = (
				B66BE75EE83A570B2116C25E /* Pods-Flix.debug.xcconfig */,
				B3AE4DCFCD7123566DFEBEDD /* Pods-Flix.release.xcconfig */,
				4B64E4AA402C1E17C4D212CA /* Pods-Flix-FlixUITests.debug.xcconfig */,
				F3B7753CF1AE2389B9102884 /* Pods-Flix-FlixUITests.release.xcconfig */,
				2A2A933EBA5F73583648A31E /* Pods-FlixTests.debug.xcconfig */,
				2980F62FE36EB7D143ABB588 /* Pods-FlixTests.release.xcconfig */,
			);
			path = Pods;
			sourceTree = "<group>";
		};
		754D22E29A1205535C2FD233 /* Frameworks */ = {
			isa = PBXGroup;
			children = (
				59B9B409942E2CA69A18BF20 /* Pods_Flix.framework */,
				18037288DF53EAC192F8F4E0 /* Pods_Flix_FlixUITests.framework */,
				1DD075F04C4076F4936D55F3 /* Pods_FlixTests.framework */,
			);
			name = Frameworks;
			sourceTree = "<group>";
		};
		ED72F7A723E3C19E00273047 = {
			isa = PBXGroup;
			children = (
				ED72F7B223E3C19E00273047 /* Flix */,
				ED72F7C723E3C1A000273047 /* FlixTests */,
				ED72F7D223E3C1A000273047 /* FlixUITests */,
				ED72F7B123E3C19E00273047 /* Products */,
				38E069696D045223E813A725 /* Pods */,
				754D22E29A1205535C2FD233 /* Frameworks */,
			);
			sourceTree = "<group>";
		};
		ED72F7B123E3C19E00273047 /* Products */ = {
			isa = PBXGroup;
			children = (
				ED72F7B023E3C19E00273047 /* Flix.app */,
				ED72F7C423E3C1A000273047 /* FlixTests.xctest */,
				ED72F7CF23E3C1A000273047 /* FlixUITests.xctest */,
			);
			name = Products;
			sourceTree = "<group>";
		};
		ED72F7B223E3C19E00273047 /* Flix */ = {
			isa = PBXGroup;
			children = (
				ED72F7B323E3C19E00273047 /* AppDelegate.swift */,
				ED72F7B723E3C19E00273047 /* Main.storyboard */,
				ED72F7BA23E3C1A000273047 /* Assets.xcassets */,
				ED72F7BC23E3C1A000273047 /* LaunchScreen.storyboard */,
				ED72F7BF23E3C1A000273047 /* Info.plist */,
				ED72F7E123E3C9FF00273047 /* MoviesViewController.swift */,
				ED72F7E323E3D1D200273047 /* MovieCell.swift */,
				ED88EB7723ECF9FF003A1A56 /* MovieDetailsViewController.swift */,
				ED88EB7B23ED03CC003A1A56 /* MovieGrideViewController.swift */,
				ED88EB7D23ED0653003A1A56 /* MovieGridCell.swift */,
			);
			path = Flix;
			sourceTree = "<group>";
		};
		ED72F7C723E3C1A000273047 /* FlixTests */ = {
			isa = PBXGroup;
			children = (
				ED72F7C823E3C1A000273047 /* FlixTests.swift */,
				ED72F7CA23E3C1A000273047 /* Info.plist */,
			);
			path = FlixTests;
			sourceTree = "<group>";
		};
		ED72F7D223E3C1A000273047 /* FlixUITests */ = {
			isa = PBXGroup;
			children = (
				ED72F7D323E3C1A000273047 /* FlixUITests.swift */,
				ED72F7D523E3C1A000273047 /* Info.plist */,
			);
			path = FlixUITests;
			sourceTree = "<group>";
		};
/* End PBXGroup section */

/* Begin PBXNativeTarget section */
		ED72F7AF23E3C19E00273047 /* Flix */ = {
			isa = PBXNativeTarget;
			buildConfigurationList = ED72F7D823E3C1A000273047 /* Build configuration list for PBXNativeTarget "Flix" */;
			buildPhases = (
				819BC7ED2B02FC1013490C01 /* [CP] Check Pods Manifest.lock */,
				ED72F7AC23E3C19E00273047 /* Sources */,
				ED72F7AD23E3C19E00273047 /* Frameworks */,
				ED72F7AE23E3C19E00273047 /* Resources */,
				FC66EBDC664A666048BC1C29 /* [CP] Embed Pods Frameworks */,
			);
			buildRules = (
			);
			dependencies = (
			);
			name = Flix;
			productName = Flix;
			productReference = ED72F7B023E3C19E00273047 /* Flix.app */;
			productType = "com.apple.product-type.application";
		};
		ED72F7C323E3C1A000273047 /* FlixTests */ = {
			isa = PBXNativeTarget;
			buildConfigurationList = ED72F7DB23E3C1A000273047 /* Build configuration list for PBXNativeTarget "FlixTests" */;
			buildPhases = (
				54AB768F8031516DC985E765 /* [CP] Check Pods Manifest.lock */,
				ED72F7C023E3C1A000273047 /* Sources */,
				ED72F7C123E3C1A000273047 /* Frameworks */,
				ED72F7C223E3C1A000273047 /* Resources */,
			);
			buildRules = (
			);
			dependencies = (
				ED72F7C623E3C1A000273047 /* PBXTargetDependency */,
			);
			name = FlixTests;
			productName = FlixTests;
			productReference = ED72F7C423E3C1A000273047 /* FlixTests.xctest */;
			productType = "com.apple.product-type.bundle.unit-test";
		};
		ED72F7CE23E3C1A000273047 /* FlixUITests */ = {
			isa = PBXNativeTarget;
			buildConfigurationList = ED72F7DE23E3C1A000273047 /* Build configuration list for PBXNativeTarget "FlixUITests" */;
			buildPhases = (
				643AF470AA0A07BDB0A4FC1E /* [CP] Check Pods Manifest.lock */,
				ED72F7CB23E3C1A000273047 /* Sources */,
				ED72F7CC23E3C1A000273047 /* Frameworks */,
				ED72F7CD23E3C1A000273047 /* Resources */,
				956CC77B6E6ADA88122C807E /* [CP] Embed Pods Frameworks */,
			);
			buildRules = (
			);
			dependencies = (
				ED72F7D123E3C1A000273047 /* PBXTargetDependency */,
			);
			name = FlixUITests;
			productName = FlixUITests;
			productReference = ED72F7CF23E3C1A000273047 /* FlixUITests.xctest */;
			productType = "com.apple.product-type.bundle.ui-testing";
		};
/* End PBXNativeTarget section */

/* Begin PBXProject section */
		ED72F7A823E3C19E00273047 /* Project object */ = {
			isa = PBXProject;
			attributes = {
				LastSwiftUpdateCheck = 1010;
				LastUpgradeCheck = 1010;
				ORGANIZATIONNAME = Codepath;
				TargetAttributes = {
					ED72F7AF23E3C19E00273047 = {
						CreatedOnToolsVersion = 10.1;
					};
					ED72F7C323E3C1A000273047 = {
						CreatedOnToolsVersion = 10.1;
						TestTargetID = ED72F7AF23E3C19E00273047;
					};
					ED72F7CE23E3C1A000273047 = {
						CreatedOnToolsVersion = 10.1;
						TestTargetID = ED72F7AF23E3C19E00273047;
					};
				};
			};
			buildConfigurationList = ED72F7AB23E3C19E00273047 /* Build configuration list for PBXProject "Flix" */;
			compatibilityVersion = "Xcode 9.3";
			developmentRegion = en;
			hasScannedForEncodings = 0;
			knownRegions = (
				en,
				Base,
			);
			mainGroup = ED72F7A723E3C19E00273047;
			productRefGroup = ED72F7B123E3C19E00273047 /* Products */;
			projectDirPath = "";
			projectRoot = "";
			targets = (
				ED72F7AF23E3C19E00273047 /* Flix */,
				ED72F7C323E3C1A000273047 /* FlixTests */,
				ED72F7CE23E3C1A000273047 /* FlixUITests */,
			);
		};
/* End PBXProject section */

/* Begin PBXResourcesBuildPhase section */
		ED72F7AE23E3C19E00273047 /* Resources */ = {
			isa = PBXResourcesBuildPhase;
			buildActionMask = 2147483647;
			files = (
				ED72F7BE23E3C1A000273047 /* LaunchScreen.storyboard in Resources */,
				ED72F7BB23E3C1A000273047 /* Assets.xcassets in Resources */,
				ED72F7B923E3C19E00273047 /* Main.storyboard in Resources */,
			);
			runOnlyForDeploymentPostprocessing = 0;
		};
		ED72F7C223E3C1A000273047 /* Resources */ = {
			isa = PBXResourcesBuildPhase;
			buildActionMask = 2147483647;
			files = (
			);
			runOnlyForDeploymentPostprocessing = 0;
		};
		ED72F7CD23E3C1A000273047 /* Resources */ = {
			isa = PBXResourcesBuildPhase;
			buildActionMask = 2147483647;
			files = (
			);
			runOnlyForDeploymentPostprocessing = 0;
		};
/* End PBXResourcesBuildPhase section */

/* Begin PBXShellScriptBuildPhase section */
		54AB768F8031516DC985E765 /* [CP] Check Pods Manifest.lock */ = {
			isa = PBXShellScriptBuildPhase;
			buildActionMask = 2147483647;
			files = (
			);
			inputFileListPaths = (
			);
			inputPaths = (
				"${PODS_PODFILE_DIR_PATH}/Podfile.lock",
				"${PODS_ROOT}/Manifest.lock",
			);
			name = "[CP] Check Pods Manifest.lock";
			outputFileListPaths = (
			);
			outputPaths = (
				"$(DERIVED_FILE_DIR)/Pods-FlixTests-checkManifestLockResult.txt",
			);
			runOnlyForDeploymentPostprocessing = 0;
			shellPath = /bin/sh;
			shellScript = "diff \"${PODS_PODFILE_DIR_PATH}/Podfile.lock\" \"${PODS_ROOT}/Manifest.lock\" > /dev/null\nif [ $? != 0 ] ; then\n    # print error to STDERR\n    echo \"error: The sandbox is not in sync with the Podfile.lock. Run 'pod install' or update your CocoaPods installation.\" >&2\n    exit 1\nfi\n# This output is used by Xcode 'outputs' to avoid re-running this script phase.\necho \"SUCCESS\" > \"${SCRIPT_OUTPUT_FILE_0}\"\n";
			showEnvVarsInLog = 0;
		};
		643AF470AA0A07BDB0A4FC1E /* [CP] Check Pods Manifest.lock */ = {
			isa = PBXShellScriptBuildPhase;
			buildActionMask = 2147483647;
			files = (
			);
			inputFileListPaths = (
			);
			inputPaths = (
				"${PODS_PODFILE_DIR_PATH}/Podfile.lock",
				"${PODS_ROOT}/Manifest.lock",
			);
			name = "[CP] Check Pods Manifest.lock";
			outputFileListPaths = (
			);
			outputPaths = (
				"$(DERIVED_FILE_DIR)/Pods-Flix-FlixUITests-checkManifestLockResult.txt",
			);
			runOnlyForDeploymentPostprocessing = 0;
			shellPath = /bin/sh;
			shellScript = "diff \"${PODS_PODFILE_DIR_PATH}/Podfile.lock\" \"${PODS_ROOT}/Manifest.lock\" > /dev/null\nif [ $? != 0 ] ; then\n    # print error to STDERR\n    echo \"error: The sandbox is not in sync with the Podfile.lock. Run 'pod install' or update your CocoaPods installation.\" >&2\n    exit 1\nfi\n# This output is used by Xcode 'outputs' to avoid re-running this script phase.\necho \"SUCCESS\" > \"${SCRIPT_OUTPUT_FILE_0}\"\n";
			showEnvVarsInLog = 0;
		};
		819BC7ED2B02FC1013490C01 /* [CP] Check Pods Manifest.lock */ = {
			isa = PBXShellScriptBuildPhase;
			buildActionMask = 2147483647;
			files = (
			);
			inputFileListPaths = (
			);
			inputPaths = (
				"${PODS_PODFILE_DIR_PATH}/Podfile.lock",
				"${PODS_ROOT}/Manifest.lock",
			);
			name = "[CP] Check Pods Manifest.lock";
			outputFileListPaths = (
			);
			outputPaths = (
				"$(DERIVED_FILE_DIR)/Pods-Flix-checkManifestLockResult.txt",
			);
			runOnlyForDeploymentPostprocessing = 0;
			shellPath = /bin/sh;
			shellScript = "diff \"${PODS_PODFILE_DIR_PATH}/Podfile.lock\" \"${PODS_ROOT}/Manifest.lock\" > /dev/null\nif [ $? != 0 ] ; then\n    # print error to STDERR\n    echo \"error: The sandbox is not in sync with the Podfile.lock. Run 'pod install' or update your CocoaPods installation.\" >&2\n    exit 1\nfi\n# This output is used by Xcode 'outputs' to avoid re-running this script phase.\necho \"SUCCESS\" > \"${SCRIPT_OUTPUT_FILE_0}\"\n";
			showEnvVarsInLog = 0;
		};
		956CC77B6E6ADA88122C807E /* [CP] Embed Pods Frameworks */ = {
			isa = PBXShellScriptBuildPhase;
			buildActionMask = 2147483647;
			files = (
			);
			inputFileListPaths = (
				"${PODS_ROOT}/Target Support Files/Pods-Flix-FlixUITests/Pods-Flix-FlixUITests-frameworks-${CONFIGURATION}-input-files.xcfilelist",
			);
			name = "[CP] Embed Pods Frameworks";
			outputFileListPaths = (
				"${PODS_ROOT}/Target Support Files/Pods-Flix-FlixUITests/Pods-Flix-FlixUITests-frameworks-${CONFIGURATION}-output-files.xcfilelist",
			);
			runOnlyForDeploymentPostprocessing = 0;
			shellPath = /bin/sh;
			shellScript = "\"${PODS_ROOT}/Target Support Files/Pods-Flix-FlixUITests/Pods-Flix-FlixUITests-frameworks.sh\"\n";
			showEnvVarsInLog = 0;
		};
		FC66EBDC664A666048BC1C29 /* [CP] Embed Pods Frameworks */ = {
			isa = PBXShellScriptBuildPhase;
			buildActionMask = 2147483647;
			files = (
			);
			inputFileListPaths = (
				"${PODS_ROOT}/Target Support Files/Pods-Flix/Pods-Flix-frameworks-${CONFIGURATION}-input-files.xcfilelist",
			);
			name = "[CP] Embed Pods Frameworks";
			outputFileListPaths = (
				"${PODS_ROOT}/Target Support Files/Pods-Flix/Pods-Flix-frameworks-${CONFIGURATION}-output-files.xcfilelist",
			);
			runOnlyForDeploymentPostprocessing = 0;
			shellPath = /bin/sh;
			shellScript = "\"${PODS_ROOT}/Target Support Files/Pods-Flix/Pods-Flix-frameworks.sh\"\n";
			showEnvVarsInLog = 0;
		};
/* End PBXShellScriptBuildPhase section */

/* Begin PBXSourcesBuildPhase section */
		ED72F7AC23E3C19E00273047 /* Sources */ = {
			isa = PBXSourcesBuildPhase;
			buildActionMask = 2147483647;
			files = (
				ED88EB7823ECF9FF003A1A56 /* MovieDetailsViewController.swift in Sources */,
				ED72F7B423E3C19E00273047 /* AppDelegate.swift in Sources */,
				ED72F7E223E3C9FF00273047 /* MoviesViewController.swift in Sources */,
				ED72F7E423E3D1D200273047 /* MovieCell.swift in Sources */,
				ED88EB7E23ED0653003A1A56 /* MovieGridCell.swift in Sources */,
				ED88EB7C23ED03CC003A1A56 /* MovieGrideViewController.swift in Sources */,
			);
			runOnlyForDeploymentPostprocessing = 0;
		};
		ED72F7C023E3C1A000273047 /* Sources */ = {
			isa = PBXSourcesBuildPhase;
			buildActionMask = 2147483647;
			files = (
				ED72F7C923E3C1A000273047 /* FlixTests.swift in Sources */,
			);
			runOnlyForDeploymentPostprocessing = 0;
		};
		ED72F7CB23E3C1A000273047 /* Sources */ = {
			isa = PBXSourcesBuildPhase;
			buildActionMask = 2147483647;
			files = (
				ED72F7D423E3C1A000273047 /* FlixUITests.swift in Sources */,
			);
			runOnlyForDeploymentPostprocessing = 0;
		};
/* End PBXSourcesBuildPhase section */

/* Begin PBXTargetDependency section */
		ED72F7C623E3C1A000273047 /* PBXTargetDependency */ = {
			isa = PBXTargetDependency;
			target = ED72F7AF23E3C19E00273047 /* Flix */;
			targetProxy = ED72F7C523E3C1A000273047 /* PBXContainerItemProxy */;
		};
		ED72F7D123E3C1A000273047 /* PBXTargetDependency */ = {
			isa = PBXTargetDependency;
			target = ED72F7AF23E3C19E00273047 /* Flix */;
			targetProxy = ED72F7D023E3C1A000273047 /* PBXContainerItemProxy */;
		};
/* End PBXTargetDependency section */

/* Begin PBXVariantGroup section */
		ED72F7B723E3C19E00273047 /* Main.storyboard */ = {
			isa = PBXVariantGroup;
			children = (
				ED72F7B823E3C19E00273047 /* Base */,
			);
			name = Main.storyboard;
			sourceTree = "<group>";
		};
		ED72F7BC23E3C1A000273047 /* LaunchScreen.storyboard */ = {
			isa = PBXVariantGroup;
			children = (
				ED72F7BD23E3C1A000273047 /* Base */,
			);
			name = LaunchScreen.storyboard;
			sourceTree = "<group>";
		};
/* End PBXVariantGroup section */

/* Begin XCBuildConfiguration section */
		ED72F7D623E3C1A000273047 /* Debug */ = {
			isa = XCBuildConfiguration;
			buildSettings = {
				ALWAYS_SEARCH_USER_PATHS = NO;
				CLANG_ANALYZER_NONNULL = YES;
				CLANG_ANALYZER_NUMBER_OBJECT_CONVERSION = YES_AGGRESSIVE;
				CLANG_CXX_LANGUAGE_STANDARD = "gnu++14";
				CLANG_CXX_LIBRARY = "libc++";
				CLANG_ENABLE_MODULES = YES;
				CLANG_ENABLE_OBJC_ARC = YES;
				CLANG_ENABLE_OBJC_WEAK = YES;
				CLANG_WARN_BLOCK_CAPTURE_AUTORELEASING = YES;
				CLANG_WARN_BOOL_CONVERSION = YES;
				CLANG_WARN_COMMA = YES;
				CLANG_WARN_CONSTANT_CONVERSION = YES;
				CLANG_WARN_DEPRECATED_OBJC_IMPLEMENTATIONS = YES;
				CLANG_WARN_DIRECT_OBJC_ISA_USAGE = YES_ERROR;
				CLANG_WARN_DOCUMENTATION_COMMENTS = YES;
				CLANG_WARN_EMPTY_BODY = YES;
				CLANG_WARN_ENUM_CONVERSION = YES;
				CLANG_WARN_INFINITE_RECURSION = YES;
				CLANG_WARN_INT_CONVERSION = YES;
				CLANG_WARN_NON_LITERAL_NULL_CONVERSION = YES;
				CLANG_WARN_OBJC_IMPLICIT_RETAIN_SELF = YES;
				CLANG_WARN_OBJC_LITERAL_CONVERSION = YES;
				CLANG_WARN_OBJC_ROOT_CLASS = YES_ERROR;
				CLANG_WARN_RANGE_LOOP_ANALYSIS = YES;
				CLANG_WARN_STRICT_PROTOTYPES = YES;
				CLANG_WARN_SUSPICIOUS_MOVE = YES;
				CLANG_WARN_UNGUARDED_AVAILABILITY = YES_AGGRESSIVE;
				CLANG_WARN_UNREACHABLE_CODE = YES;
				CLANG_WARN__DUPLICATE_METHOD_MATCH = YES;
				CODE_SIGN_IDENTITY = "iPhone Developer";
				COPY_PHASE_STRIP = NO;
				DEBUG_INFORMATION_FORMAT = dwarf;
				ENABLE_STRICT_OBJC_MSGSEND = YES;
				ENABLE_TESTABILITY = YES;
				GCC_C_LANGUAGE_STANDARD = gnu11;
				GCC_DYNAMIC_NO_PIC = NO;
				GCC_NO_COMMON_BLOCKS = YES;
				GCC_OPTIMIZATION_LEVEL = 0;
				GCC_PREPROCESSOR_DEFINITIONS = (
					"DEBUG=1",
					"$(inherited)",
				);
				GCC_WARN_64_TO_32_BIT_CONVERSION = YES;
				GCC_WARN_ABOUT_RETURN_TYPE = YES_ERROR;
				GCC_WARN_UNDECLARED_SELECTOR = YES;
				GCC_WARN_UNINITIALIZED_AUTOS = YES_AGGRESSIVE;
				GCC_WARN_UNUSED_FUNCTION = YES;
				GCC_WARN_UNUSED_VARIABLE = YES;
				IPHONEOS_DEPLOYMENT_TARGET = 12.1;
				MTL_ENABLE_DEBUG_INFO = INCLUDE_SOURCE;
				MTL_FAST_MATH = YES;
				ONLY_ACTIVE_ARCH = YES;
				SDKROOT = iphoneos;
				SWIFT_ACTIVE_COMPILATION_CONDITIONS = DEBUG;
				SWIFT_OPTIMIZATION_LEVEL = "-Onone";
			};
			name = Debug;
		};
		ED72F7D723E3C1A000273047 /* Release */ = {
			isa = XCBuildConfiguration;
			buildSettings = {
				ALWAYS_SEARCH_USER_PATHS = NO;
				CLANG_ANALYZER_NONNULL = YES;
				CLANG_ANALYZER_NUMBER_OBJECT_CONVERSION = YES_AGGRESSIVE;
				CLANG_CXX_LANGUAGE_STANDARD = "gnu++14";
				CLANG_CXX_LIBRARY = "libc++";
				CLANG_ENABLE_MODULES = YES;
				CLANG_ENABLE_OBJC_ARC = YES;
				CLANG_ENABLE_OBJC_WEAK = YES;
				CLANG_WARN_BLOCK_CAPTURE_AUTORELEASING = YES;
				CLANG_WARN_BOOL_CONVERSION = YES;
				CLANG_WARN_COMMA = YES;
				CLANG_WARN_CONSTANT_CONVERSION = YES;
				CLANG_WARN_DEPRECATED_OBJC_IMPLEMENTATIONS = YES;
				CLANG_WARN_DIRECT_OBJC_ISA_USAGE = YES_ERROR;
				CLANG_WARN_DOCUMENTATION_COMMENTS = YES;
				CLANG_WARN_EMPTY_BODY = YES;
				CLANG_WARN_ENUM_CONVERSION = YES;
				CLANG_WARN_INFINITE_RECURSION = YES;
				CLANG_WARN_INT_CONVERSION = YES;
				CLANG_WARN_NON_LITERAL_NULL_CONVERSION = YES;
				CLANG_WARN_OBJC_IMPLICIT_RETAIN_SELF = YES;
				CLANG_WARN_OBJC_LITERAL_CONVERSION = YES;
				CLANG_WARN_OBJC_ROOT_CLASS = YES_ERROR;
				CLANG_WARN_RANGE_LOOP_ANALYSIS = YES;
				CLANG_WARN_STRICT_PROTOTYPES = YES;
				CLANG_WARN_SUSPICIOUS_MOVE = YES;
				CLANG_WARN_UNGUARDED_AVAILABILITY = YES_AGGRESSIVE;
				CLANG_WARN_UNREACHABLE_CODE = YES;
				CLANG_WARN__DUPLICATE_METHOD_MATCH = YES;
				CODE_SIGN_IDENTITY = "iPhone Developer";
				COPY_PHASE_STRIP = NO;
				DEBUG_INFORMATION_FORMAT = "dwarf-with-dsym";
				ENABLE_NS_ASSERTIONS = NO;
				ENABLE_STRICT_OBJC_MSGSEND = YES;
				GCC_C_LANGUAGE_STANDARD = gnu11;
				GCC_NO_COMMON_BLOCKS = YES;
				GCC_WARN_64_TO_32_BIT_CONVERSION = YES;
				GCC_WARN_ABOUT_RETURN_TYPE = YES_ERROR;
				GCC_WARN_UNDECLARED_SELECTOR = YES;
				GCC_WARN_UNINITIALIZED_AUTOS = YES_AGGRESSIVE;
				GCC_WARN_UNUSED_FUNCTION = YES;
				GCC_WARN_UNUSED_VARIABLE = YES;
				IPHONEOS_DEPLOYMENT_TARGET = 12.1;
				MTL_ENABLE_DEBUG_INFO = NO;
				MTL_FAST_MATH = YES;
				SDKROOT = iphoneos;
				SWIFT_COMPILATION_MODE = wholemodule;
				SWIFT_OPTIMIZATION_LEVEL = "-O";
				VALIDATE_PRODUCT = YES;
			};
			name = Release;
		};
		ED72F7D923E3C1A000273047 /* Debug */ = {
			isa = XCBuildConfiguration;
			baseConfigurationReference = B66BE75EE83A570B2116C25E /* Pods-Flix.debug.xcconfig */;
			buildSettings = {
				ASSETCATALOG_COMPILER_APPICON_NAME = AppIcon;
				CODE_SIGN_STYLE = Automatic;
				INFOPLIST_FILE = Flix/Info.plist;
				LD_RUNPATH_SEARCH_PATHS = (
					"$(inherited)",
					"@executable_path/Frameworks",
				);
				PRODUCT_BUNDLE_IDENTIFIER = com.codepath.Flix;
				PRODUCT_NAME = "$(TARGET_NAME)";
				SWIFT_VERSION = 4.2;
				TARGETED_DEVICE_FAMILY = "1,2";
			};
			name = Debug;
		};
		ED72F7DA23E3C1A000273047 /* Release */ = {
			isa = XCBuildConfiguration;
			baseConfigurationReference = B3AE4DCFCD7123566DFEBEDD /* Pods-Flix.release.xcconfig */;
			buildSettings = {
				ASSETCATALOG_COMPILER_APPICON_NAME = AppIcon;
				CODE_SIGN_STYLE = Automatic;
				INFOPLIST_FILE = Flix/Info.plist;
				LD_RUNPATH_SEARCH_PATHS = (
					"$(inherited)",
					"@executable_path/Frameworks",
				);
				PRODUCT_BUNDLE_IDENTIFIER = com.codepath.Flix;
				PRODUCT_NAME = "$(TARGET_NAME)";
				SWIFT_VERSION = 4.2;
				TARGETED_DEVICE_FAMILY = "1,2";
			};
			name = Release;
		};
		ED72F7DC23E3C1A000273047 /* Debug */ = {
			isa = XCBuildConfiguration;
			baseConfigurationReference = 2A2A933EBA5F73583648A31E /* Pods-FlixTests.debug.xcconfig */;
			buildSettings = {
				ALWAYS_EMBED_SWIFT_STANDARD_LIBRARIES = YES;
				BUNDLE_LOADER = "$(TEST_HOST)";
				CODE_SIGN_STYLE = Automatic;
				INFOPLIST_FILE = FlixTests/Info.plist;
				LD_RUNPATH_SEARCH_PATHS = (
					"$(inherited)",
					"@executable_path/Frameworks",
					"@loader_path/Frameworks",
				);
				PRODUCT_BUNDLE_IDENTIFIER = com.codepath.FlixTests;
				PRODUCT_NAME = "$(TARGET_NAME)";
				SWIFT_VERSION = 4.2;
				TARGETED_DEVICE_FAMILY = "1,2";
				TEST_HOST = "$(BUILT_PRODUCTS_DIR)/Flix.app/Flix";
			};
			name = Debug;
		};
		ED72F7DD23E3C1A000273047 /* Release */ = {
			isa = XCBuildConfiguration;
			baseConfigurationReference = 2980F62FE36EB7D143ABB588 /* Pods-FlixTests.release.xcconfig */;
			buildSettings = {
				ALWAYS_EMBED_SWIFT_STANDARD_LIBRARIES = YES;
				BUNDLE_LOADER = "$(TEST_HOST)";
				CODE_SIGN_STYLE = Automatic;
				INFOPLIST_FILE = FlixTests/Info.plist;
				LD_RUNPATH_SEARCH_PATHS = (
					"$(inherited)",
					"@executable_path/Frameworks",
					"@loader_path/Frameworks",
				);
				PRODUCT_BUNDLE_IDENTIFIER = com.codepath.FlixTests;
				PRODUCT_NAME = "$(TARGET_NAME)";
				SWIFT_VERSION = 4.2;
				TARGETED_DEVICE_FAMILY = "1,2";
				TEST_HOST = "$(BUILT_PRODUCTS_DIR)/Flix.app/Flix";
			};
			name = Release;
		};
		ED72F7DF23E3C1A000273047 /* Debug */ = {
			isa = XCBuildConfiguration;
			baseConfigurationReference = 4B64E4AA402C1E17C4D212CA /* Pods-Flix-FlixUITests.debug.xcconfig */;
			buildSettings = {
				ALWAYS_EMBED_SWIFT_STANDARD_LIBRARIES = YES;
				CODE_SIGN_STYLE = Automatic;
				INFOPLIST_FILE = FlixUITests/Info.plist;
				LD_RUNPATH_SEARCH_PATHS = (
					"$(inherited)",
					"@executable_path/Frameworks",
					"@loader_path/Frameworks",
				);
				PRODUCT_BUNDLE_IDENTIFIER = com.codepath.FlixUITests;
				PRODUCT_NAME = "$(TARGET_NAME)";
				SWIFT_VERSION = 4.2;
				TARGETED_DEVICE_FAMILY = "1,2";
				TEST_TARGET_NAME = Flix;
			};
			name = Debug;
		};
		ED72F7E023E3C1A000273047 /* Release */ = {
			isa = XCBuildConfiguration;
			baseConfigurationReference = F3B7753CF1AE2389B9102884 /* Pods-Flix-FlixUITests.release.xcconfig */;
			buildSettings = {
				ALWAYS_EMBED_SWIFT_STANDARD_LIBRARIES = YES;
				CODE_SIGN_STYLE = Automatic;
				INFOPLIST_FILE = FlixUITests/Info.plist;
				LD_RUNPATH_SEARCH_PATHS = (
					"$(inherited)",
					"@executable_path/Frameworks",
					"@loader_path/Frameworks",
				);
				PRODUCT_BUNDLE_IDENTIFIER = com.codepath.FlixUITests;
				PRODUCT_NAME = "$(TARGET_NAME)";
				SWIFT_VERSION = 4.2;
				TARGETED_DEVICE_FAMILY = "1,2";
				TEST_TARGET_NAME = Flix;
			};
			name = Release;
		};
/* End XCBuildConfiguration section */

/* Begin XCConfigurationList section */
		ED72F7AB23E3C19E00273047 /* Build configuration list for PBXProject "Flix" */ = {
			isa = XCConfigurationList;
			buildConfigurations = (
				ED72F7D623E3C1A000273047 /* Debug */,
				ED72F7D723E3C1A000273047 /* Release */,
			);
			defaultConfigurationIsVisible = 0;
			defaultConfigurationName = Release;
		};
		ED72F7D823E3C1A000273047 /* Build configuration list for PBXNativeTarget "Flix" */ = {
			isa = XCConfigurationList;
			buildConfigurations = (
				ED72F7D923E3C1A000273047 /* Debug */,
				ED72F7DA23E3C1A000273047 /* Release */,
			);
			defaultConfigurationIsVisible = 0;
			defaultConfigurationName = Release;
		};
		ED72F7DB23E3C1A000273047 /* Build configuration list for PBXNativeTarget "FlixTests" */ = {
			isa = XCConfigurationList;
			buildConfigurations = (
				ED72F7DC23E3C1A000273047 /* Debug */,
				ED72F7DD23E3C1A000273047 /* Release */,
			);
			defaultConfigurationIsVisible = 0;
			defaultConfigurationName = Release;
		};
		ED72F7DE23E3C1A000273047 /* Build configuration list for PBXNativeTarget "FlixUITests" */ = {
			isa = XCConfigurationList;
			buildConfigurations = (
				ED72F7DF23E3C1A000273047 /* Debug */,
				ED72F7E023E3C1A000273047 /* Release */,
			);
			defaultConfigurationIsVisible = 0;
			defaultConfigurationName = Release;
		};
/* End XCConfigurationList section */
	};
	rootObject = ED72F7A823E3C19E00273047 /* Project object */;
}
